
Microsoft Visual Studio Solution File, Format Version 11.00
# Visual Studio 2010
Project("{FAE04EC0-301F-11D3-BF4B-00C04F79EFBC}") = "dogalog", "dogalog\dogalog.csproj", "{E154064F-CB9D-4A26-91B1-481153BFD24F}"
EndProject
Project("{2150E333-8FDC-42A3-9474-1A3956D46DE8}") = ".nuget", ".nuget", "{B46CBFAD-A23C-4B2D-B3BD-D69C039DF5B5}"
	ProjectSection(SolutionItems) = preProject
		.nuget\NuGet.Config = .nuget\NuGet.Config
		.nuget\NuGet.exe = .nuget\NuGet.exe
		.nuget\NuGet.targets = .nuget\NuGet.targets
		.nuget\packages.config = .nuget\packages.config
	EndProjectSection
EndProject
Project("{FAE04EC0-301F-11D3-BF4B-00C04F79EFBC}") = "dogalog.tests", "dogalog.tests\dogalog.tests.csproj", "{32550434-7FB4-4616-A1B8-3C5C5227EBE6}"
EndProject
Global
	GlobalSection(SolutionConfigurationPlatforms) = preSolution
		Debug|Any CPU = Debug|Any CPU
		Release|Any CPU = Release|Any CPU
	EndGlobalSection
	GlobalSection(ProjectConfigurationPlatforms) = postSolution
		{E154064F-CB9D-4A26-91B1-481153BFD24F}.Debug|Any CPU.ActiveCfg = Debug|Any CPU
		{E154064F-CB9D-4A26-91B1-481153BFD24F}.Debug|Any CPU.Build.0 = Debug|Any CPU
		{E154064F-CB9D-4A26-91B1-481153BFD24F}.Release|Any CPU.ActiveCfg = Release|Any CPU
		{E154064F-CB9D-4A26-91B1-481153BFD24F}.Release|Any CPU.Build.0 = Release|Any CPU
		{32550434-7FB4-4616-A1B8-3C5C5227EBE6}.Debug|Any CPU.ActiveCfg = Debug|Any CPU
		{32550434-7FB4-4616-A1B8-3C5C5227EBE6}.Debug|Any CPU.Build.0 = Debug|Any CPU
		{32550434-7FB4-4616-A1B8-3C5C5227EBE6}.Release|Any CPU.ActiveCfg = Release|Any CPU
		{32550434-7FB4-4616-A1B8-3C5C5227EBE6}.Release|Any CPU.Build.0 = Release|Any CPU
	EndGlobalSection
	GlobalSection(SolutionProperties) = preSolution
		HideSolutionNode = FALSE
	EndGlobalSection
EndGlobal
